
Microsoft Visual Studio Solution File, Format Version 12.00
# Visual Studio Version 17
VisualStudioVersion = 17.0.31903.59
MinimumVisualStudioVersion = 10.0.40219.1
Project("{FAE04EC0-301F-11D3-BF4B-00C04F79EFBC}") = "API", "API\API.csproj", "{615E8599-49B4-440F-8C9F-C0993C6C713D}"
EndProject
Project("{FAE04EC0-301F-11D3-BF4B-00C04F79EFBC}") = "Application", "Application\Application.csproj", "{7C24CCD8-0D89-4B40-AB4A-3F8AAC78B645}"
EndProject
Project("{FAE04EC0-301F-11D3-BF4B-00C04F79EFBC}") = "Domain", "Domain\Domain.csproj", "{19CCD0A0-83E7-4E6F-B542-65B79868DF4B}"
EndProject
Project("{FAE04EC0-301F-11D3-BF4B-00C04F79EFBC}") = "Persistence", "Persistence\Persistence.csproj", "{C3158601-B0E0-48D7-B9AD-5EFEF63EAA50}"
EndProject
Global
	GlobalSection(SolutionConfigurationPlatforms) = preSolution
		Debug|Any CPU = Debug|Any CPU
		Release|Any CPU = Release|Any CPU
	EndGlobalSection
	GlobalSection(SolutionProperties) = preSolution
		HideSolutionNode = FALSE
	EndGlobalSection
	GlobalSection(ProjectConfigurationPlatforms) = postSolution
		{615E8599-49B4-440F-8C9F-C0993C6C713D}.Debug|Any CPU.ActiveCfg = Debug|Any CPU
		{615E8599-49B4-440F-8C9F-C0993C6C713D}.Debug|Any CPU.Build.0 = Debug|Any CPU
		{615E8599-49B4-440F-8C9F-C0993C6C713D}.Release|Any CPU.ActiveCfg = Release|Any CPU
		{615E8599-49B4-440F-8C9F-C0993C6C713D}.Release|Any CPU.Build.0 = Release|Any CPU
		{7C24CCD8-0D89-4B40-AB4A-3F8AAC78B645}.Debug|Any CPU.ActiveCfg = Debug|Any CPU
		{7C24CCD8-0D89-4B40-AB4A-3F8AAC78B645}.Debug|Any CPU.Build.0 = Debug|Any CPU
		{7C24CCD8-0D89-4B40-AB4A-3F8AAC78B645}.Release|Any CPU.ActiveCfg = Release|Any CPU
		{7C24CCD8-0D89-4B40-AB4A-3F8AAC78B645}.Release|Any CPU.Build.0 = Release|Any CPU
		{19CCD0A0-83E7-4E6F-B542-65B79868DF4B}.Debug|Any CPU.ActiveCfg = Debug|Any CPU
		{19CCD0A0-83E7-4E6F-B542-65B79868DF4B}.Debug|Any CPU.Build.0 = Debug|Any CPU
		{19CCD0A0-83E7-4E6F-B542-65B79868DF4B}.Release|Any CPU.ActiveCfg = Release|Any CPU
		{19CCD0A0-83E7-4E6F-B542-65B79868DF4B}.Release|Any CPU.Build.0 = Release|Any CPU
		{C3158601-B0E0-48D7-B9AD-5EFEF63EAA50}.Debug|Any CPU.ActiveCfg = Debug|Any CPU
		{C3158601-B0E0-48D7-B9AD-5EFEF63EAA50}.Debug|Any CPU.Build.0 = Debug|Any CPU
		{C3158601-B0E0-48D7-B9AD-5EFEF63EAA50}.Release|Any CPU.ActiveCfg = Release|Any CPU
		{C3158601-B0E0-48D7-B9AD-5EFEF63EAA50}.Release|Any CPU.Build.0 = Release|Any CPU
	EndGlobalSection
EndGlobal
